
Microsoft Visual Studio Solution File, Format Version 12.00
# Visual Studio Version 16
VisualStudioVersion = 16.0.30804.86
MinimumVisualStudioVersion = 10.0.40219.1
Project("{9A19103F-16F7-4668-BE54-9A1E7A4F7556}") = "Kinzk5.Server", "Kinzk5\Server\Kinzk5.Server.csproj", "{11B4333D-597B-4A1C-BF58-E80EF78F74C8}"
EndProject
Project("{9A19103F-16F7-4668-BE54-9A1E7A4F7556}") = "Kinzk5.Client", "Kinzk5\Client\Kinzk5.Client.csproj", "{F6830A85-A1EA-4EEB-B429-0E489ED361A1}"
EndProject
Project("{9A19103F-16F7-4668-BE54-9A1E7A4F7556}") = "Kinzk5.Shared", "Kinzk5\Shared\Kinzk5.Shared.csproj", "{7957D5A6-0F98-4671-802A-39DBF8C00649}"
EndProject
Project("{9A19103F-16F7-4668-BE54-9A1E7A4F7556}") = "Kinzk5.Bl", "Kinzk5\Bl\Kinzk5.Bl.csproj", "{A464FD33-081A-4B12-AAA8-567D4DE143CA}"
EndProject
Global
	GlobalSection(SolutionConfigurationPlatforms) = preSolution
		Debug|Any CPU = Debug|Any CPU
		Release|Any CPU = Release|Any CPU
	EndGlobalSection
	GlobalSection(ProjectConfigurationPlatforms) = postSolution
		{11B4333D-597B-4A1C-BF58-E80EF78F74C8}.Debug|Any CPU.ActiveCfg = Debug|Any CPU
		{11B4333D-597B-4A1C-BF58-E80EF78F74C8}.Debug|Any CPU.Build.0 = Debug|Any CPU
		{11B4333D-597B-4A1C-BF58-E80EF78F74C8}.Release|Any CPU.ActiveCfg = Release|Any CPU
		{11B4333D-597B-4A1C-BF58-E80EF78F74C8}.Release|Any CPU.Build.0 = Release|Any CPU
		{F6830A85-A1EA-4EEB-B429-0E489ED361A1}.Debug|Any CPU.ActiveCfg = Debug|Any CPU
		{F6830A85-A1EA-4EEB-B429-0E489ED361A1}.Debug|Any CPU.Build.0 = Debug|Any CPU
		{F6830A85-A1EA-4EEB-B429-0E489ED361A1}.Release|Any CPU.ActiveCfg = Release|Any CPU
		{F6830A85-A1EA-4EEB-B429-0E489ED361A1}.Release|Any CPU.Build.0 = Release|Any CPU
		{7957D5A6-0F98-4671-802A-39DBF8C00649}.Debug|Any CPU.ActiveCfg = Debug|Any CPU
		{7957D5A6-0F98-4671-802A-39DBF8C00649}.Debug|Any CPU.Build.0 = Debug|Any CPU
		{7957D5A6-0F98-4671-802A-39DBF8C00649}.Release|Any CPU.ActiveCfg = Release|Any CPU
		{7957D5A6-0F98-4671-802A-39DBF8C00649}.Release|Any CPU.Build.0 = Release|Any CPU
		{A464FD33-081A-4B12-AAA8-567D4DE143CA}.Debug|Any CPU.ActiveCfg = Debug|Any CPU
		{A464FD33-081A-4B12-AAA8-567D4DE143CA}.Debug|Any CPU.Build.0 = Debug|Any CPU
		{A464FD33-081A-4B12-AAA8-567D4DE143CA}.Release|Any CPU.ActiveCfg = Release|Any CPU
		{A464FD33-081A-4B12-AAA8-567D4DE143CA}.Release|Any CPU.Build.0 = Release|Any CPU
	EndGlobalSection
	GlobalSection(SolutionProperties) = preSolution
		HideSolutionNode = FALSE
	EndGlobalSection
	GlobalSection(ExtensibilityGlobals) = postSolution
		SolutionGuid = {FB612396-F451-4D31-A5D0-B66496C85E80}
	EndGlobalSection
EndGlobal
